
Microsoft Visual Studio Solution File, Format Version 12.00
# Visual Studio Version 16
VisualStudioVersion = 16.0.32802.440
MinimumVisualStudioVersion = 10.0.40219.1
Project("{FAE04EC0-301F-11D3-BF4B-00C04F79EFBC}") = "лаба 5.2", "лаба 5.2.csproj", "{B0AAAAF7-2759-41C7-ADAF-8B2CA0DBABD0}"
EndProject
Global
	GlobalSection(SolutionConfigurationPlatforms) = preSolution
		Debug|Any CPU = Debug|Any CPU
		Release|Any CPU = Release|Any CPU
	EndGlobalSection
	GlobalSection(ProjectConfigurationPlatforms) = postSolution
		{B0AAAAF7-2759-41C7-ADAF-8B2CA0DBABD0}.Debug|Any CPU.ActiveCfg = Debug|Any CPU
		{B0AAAAF7-2759-41C7-ADAF-8B2CA0DBABD0}.Debug|Any CPU.Build.0 = Debug|Any CPU
		{B0AAAAF7-2759-41C7-ADAF-8B2CA0DBABD0}.Release|Any CPU.ActiveCfg = Release|Any CPU
		{B0AAAAF7-2759-41C7-ADAF-8B2CA0DBABD0}.Release|Any CPU.Build.0 = Release|Any CPU
	EndGlobalSection
	GlobalSection(SolutionProperties) = preSolution
		HideSolutionNode = FALSE
	EndGlobalSection
	GlobalSection(ExtensibilityGlobals) = postSolution
		SolutionGuid = {220A2085-2FB7-4DE9-862D-8B1DF83BFDDD}
	EndGlobalSection
EndGlobal
